
Microsoft Visual Studio Solution File, Format Version 12.00
# Visual Studio 15
VisualStudioVersion = 15.0.28307.329
MinimumVisualStudioVersion = 10.0.40219.1
Project("{FAE04EC0-301F-11D3-BF4B-00C04F79EFBC}") = "DzienniczekSharp", "DzienniczekSharp\DzienniczekSharp\DzienniczekSharp.csproj", "{2B945561-89D6-4AE2-A9C8-3FA126CF1C60}"
EndProject
Project("{FAE04EC0-301F-11D3-BF4B-00C04F79EFBC}") = "DzienniczekSharp.Tizen.Wearable", "DzienniczekSharp\DzienniczekSharp.Tizen.Wearable\DzienniczekSharp.Tizen.Wearable.csproj", "{8D9BBD44-75A9-4443-9642-2163FB09AD69}"
EndProject
Project("{9A19103F-16F7-4668-BE54-9A1E7A4F7556}") = "VulcanAPI", "VulcanAPI\VulcanAPI\VulcanAPI.csproj", "{374DD076-3607-4243-8215-A7BE8B4D8E8B}"
EndProject
Project("{9A19103F-16F7-4668-BE54-9A1E7A4F7556}") = "HtmlConvert", "VulcanAPI\HtmlConvert\HtmlConvert\HtmlConvert.csproj", "{35EC4A52-90CE-40EF-BB21-3FDC018496DC}"
EndProject
Global
	GlobalSection(SolutionConfigurationPlatforms) = preSolution
		Debug|Any CPU = Debug|Any CPU
		Release|Any CPU = Release|Any CPU
	EndGlobalSection
	GlobalSection(ProjectConfigurationPlatforms) = postSolution
		{2B945561-89D6-4AE2-A9C8-3FA126CF1C60}.Debug|Any CPU.ActiveCfg = Debug|Any CPU
		{2B945561-89D6-4AE2-A9C8-3FA126CF1C60}.Debug|Any CPU.Build.0 = Debug|Any CPU
		{2B945561-89D6-4AE2-A9C8-3FA126CF1C60}.Release|Any CPU.ActiveCfg = Release|Any CPU
		{2B945561-89D6-4AE2-A9C8-3FA126CF1C60}.Release|Any CPU.Build.0 = Release|Any CPU
		{8D9BBD44-75A9-4443-9642-2163FB09AD69}.Debug|Any CPU.ActiveCfg = Debug|Any CPU
		{8D9BBD44-75A9-4443-9642-2163FB09AD69}.Debug|Any CPU.Build.0 = Debug|Any CPU
		{8D9BBD44-75A9-4443-9642-2163FB09AD69}.Release|Any CPU.ActiveCfg = Release|Any CPU
		{8D9BBD44-75A9-4443-9642-2163FB09AD69}.Release|Any CPU.Build.0 = Release|Any CPU
		{374DD076-3607-4243-8215-A7BE8B4D8E8B}.Debug|Any CPU.ActiveCfg = Debug|Any CPU
		{374DD076-3607-4243-8215-A7BE8B4D8E8B}.Debug|Any CPU.Build.0 = Debug|Any CPU
		{374DD076-3607-4243-8215-A7BE8B4D8E8B}.Release|Any CPU.ActiveCfg = Release|Any CPU
		{374DD076-3607-4243-8215-A7BE8B4D8E8B}.Release|Any CPU.Build.0 = Release|Any CPU
		{35EC4A52-90CE-40EF-BB21-3FDC018496DC}.Debug|Any CPU.ActiveCfg = Debug|Any CPU
		{35EC4A52-90CE-40EF-BB21-3FDC018496DC}.Debug|Any CPU.Build.0 = Debug|Any CPU
		{35EC4A52-90CE-40EF-BB21-3FDC018496DC}.Release|Any CPU.ActiveCfg = Release|Any CPU
		{35EC4A52-90CE-40EF-BB21-3FDC018496DC}.Release|Any CPU.Build.0 = Release|Any CPU
	EndGlobalSection
	GlobalSection(SolutionProperties) = preSolution
		HideSolutionNode = FALSE
	EndGlobalSection
	GlobalSection(ExtensibilityGlobals) = postSolution
		SolutionGuid = {D738B695-9A34-49AB-A673-D6B2311829EF}
	EndGlobalSection
EndGlobal
